{
    "_meta": {
        "hash": {
            "sha256": "146398ef92d8736190506ddbfac9f127f7d04df2df8981ee8c8a1597394d7342"
        },
        "pipfile-spec": 6,
        "requires": {
            "python_version": "3.7"
        },
        "sources": [
            {
                "name": "pypi",
                "url": "https://pypi.org/simple",
                "verify_ssl": true
            }
        ]
    },
    "default": {},
    "develop": {
        "backcall": {
            "hashes": [
                "sha256:5cbdbf27be5e7cfadb448baf0aa95508f91f2bbc6c6437cd9cd06e2a4c215e1e",
                "sha256:fbbce6a29f263178a1f7915c1940bde0ec2b2a967566fe1c65c1dfb7422bd255"
            ],
            "version": "==0.2.0"
        },
        "colorama": {
            "hashes": [
                "sha256:08695f5cb7ed6e0531a20572697297273c47b8cae5a63ffc6d6ed5c201be6e44",
                "sha256:4f1d9991f5acc0ca119f9d443620b77f9d6b33703e51011c16baf57afb285fc6"
            ],
            "markers": "sys_platform == 'win32'",
            "version": "==0.4.6"
        },
        "debugpy": {
            "hashes": [
                "sha256:0e90314a078d4e3f009520c8387aba8f74c3034645daa7a332a3d1bb81335756",
                "sha256:1285920a3f9a75f5d1acf59ab1b9da9ae6eb9a05884cd7674f95170c9cafa4de",
                "sha256:1565fd904f9571c430adca597771255cff4f92171486fced6f765dcbdfc8ec8d",
                "sha256:17ad9a681aca1704c55b9a5edcb495fa8f599e4655c9872b7f9cf3dc25890d48",
                "sha256:18a69f8e142a716310dd0af6d7db08992aed99e2606108732efde101e7c65e2a",
                "sha256:18bca8429d6632e2d3435055416d2d88f0309cc39709f4f6355c8d412cc61f24",
                "sha256:2b0e489613bc066051439df04c56777ec184b957d6810cb65f235083aef7a0dc",
                "sha256:538765a41198aa88cc089295b39c7322dd598f9ef1d52eaae12145c63bf9430a",
                "sha256:6516f36a2e95b3be27f171f12b641e443863f4ad5255d0fdcea6ae0be29bb912",
                "sha256:676911c710e85567b17172db934a71319ed9d995104610ce23fd74a07f66e6f6",
                "sha256:7515a5ba5ee9bfe956685909c5f28734c1cecd4ee813523363acfe3ca824883a",
                "sha256:7bf0b4bbd841b2397b6a8de15da9227f1164f6d43ceee971c50194eaed930a9d",
                "sha256:9e9571d831ad3c75b5fb6f3efcb71c471cf2a74ba84af6ac1c79ce00683bed4b",
                "sha256:a5036e918c6ba8fc4c4f1fd0207d81db634431a02f0dc2ba51b12fd793c8c9de",
                "sha256:a6f43a681c5025db1f1c0568069d1d1bad306a02e7c36144912b26d9c90e4724",
                "sha256:ad22e1095b9977af432465c1e09132ba176e18df3834b1efcab1a449346b350b",
                "sha256:bc8da67ade39d9e75608cdb8601d07e63a4e85966e0572c981f14e2cf42bcdef",
                "sha256:c7e8cf91f8f3f9b5fad844dd88427b85d398bda1e2a0cd65d5a21312fcbc0c6f",
                "sha256:d5be95b3946a4d7b388e45068c7b75036ac5a610f41014aee6cafcd5506423ad",
                "sha256:dc8a12ac8b97ef3d6973c6679a093138c7c9b03eb685f0e253269a195f651559",
                "sha256:f625e427f21423e5874139db529e18cb2966bdfcc1cb87a195538c5b34d163d1",
                "sha256:f6de2e6f24f62969e0f0ef682d78c98161c4dca29e9fb05df4d2989005005502"
            ],
            "markers": "python_version >= '3.7'",
            "version": "==1.7.0"
        },
        "decorator": {
            "hashes": [
                "sha256:637996211036b6385ef91435e4fae22989472f9d571faba8927ba8253acbc330",
                "sha256:b8c3f85900b9dc423225913c5aace94729fe1fa9763b38939a95226f02d37186"
            ],
            "markers": "python_version >= '3.5'",
            "version": "==5.1.1"
        },
        "entrypoints": {
            "hashes": [
                "sha256:b706eddaa9218a19ebcd67b56818f05bb27589b1ca9e8d797b74affad4ccacd4",
                "sha256:f174b5ff827504fd3cd97cc3f8649f3693f51538c7e4bdf3ef002c8429d42f9f"
            ],
            "markers": "python_version >= '3.6'",
            "version": "==0.4"
        },
        "ipykernel": {
            "hashes": [
                "sha256:463f3d87a92e99969b1605cb7a5b4d7b36b7145a0e72d06e65918a6ddefbe630",
                "sha256:67daf93e5b52456cd8eea87a8b59405d2bb80ae411864a1ea206c3631d8179af"
            ],
            "index": "pypi",
            "markers": "python_version >= '3.7'",
            "version": "==6.16.2"
        },
        "ipython": {
            "hashes": [
                "sha256:af3bdb46aa292bce5615b1b2ebc76c2080c5f77f54bda2ec72461317273e7cd6",
                "sha256:c175d2440a1caff76116eb719d40538fbb316e214eda85c5515c303aacbfb23e"
            ],
            "markers": "python_version >= '3.7'",
            "version": "==7.34.0"
        },
        "jedi": {
            "hashes": [
                "sha256:cf0496f3651bc65d7174ac1b7d043eff454892c708a87d1b683e57b569927ffd",
                "sha256:e983c654fe5c02867aef4cdfce5a2fbb4a50adc0af145f70504238f18ef5e7e0"
            ],
            "markers": "python_version >= '3.6'",
            "version": "==0.19.1"
        },
        "jupyter-client": {
            "hashes": [
                "sha256:214668aaea208195f4c13d28eb272ba79f945fc0cf3f11c7092c20b2ca1980e7",
                "sha256:52be28e04171f07aed8f20e1616a5a552ab9fee9cbbe6c1896ae170c3880d392"
            ],
            "markers": "python_version >= '3.7'",
            "version": "==7.4.9"
        },
        "jupyter-core": {
            "hashes": [
                "sha256:87f39d7642412ae8a52291cc68e71ac01dfa2c735df2701f8108251d51b4f460",
                "sha256:a54672c539333258495579f6964144924e0aa7b07f7069947bef76d7ea5cb4c1"
            ],
            "markers": "python_version >= '3.7'",
            "version": "==4.12.0"
        },
        "matplotlib-inline": {
            "hashes": [
                "sha256:f1f41aab5328aa5aaea9b16d083b128102f8712542f819fe7e6a420ff581b311",
                "sha256:f887e5f10ba98e8d2b150ddcf4702c1e5f8b3a20005eb0f74bfdbd360ee6f304"
            ],
            "markers": "python_version >= '3.5'",
            "version": "==0.1.6"
        },
        "nest-asyncio": {
            "hashes": [
                "sha256:6f172d5449aca15afd6c646851f4e31e02c598d553a667e38cafa997cfec55fe",
                "sha256:87af6efd6b5e897c81050477ef65c62e2b2f35d51703cae01aff2905b1852e1c"
            ],
            "markers": "python_version >= '3.5'",
            "version": "==1.6.0"
        },
        "packaging": {
            "hashes": [
                "sha256:2ddfb553fdf02fb784c234c7ba6ccc288296ceabec964ad2eae3777778130bc5",
                "sha256:eb82c5e3e56209074766e6885bb04b8c38a0c015d0a30036ebe7ece34c9989e9"
            ],
            "markers": "python_version >= '3.7'",
            "version": "==24.0"
        },
        "parso": {
            "hashes": [
                "sha256:a418670a20291dacd2dddc80c377c5c3791378ee1e8d12bffc35420643d43f18",
                "sha256:eb3a7b58240fb99099a345571deecc0f9540ea5f4dd2fe14c2a99d6b281ab92d"
            ],
            "markers": "python_version >= '3.6'",
            "version": "==0.8.4"
        },
        "pickleshare": {
            "hashes": [
                "sha256:87683d47965c1da65cdacaf31c8441d12b8044cdec9aca500cd78fc2c683afca",
                "sha256:9649af414d74d4df115d5d718f82acb59c9d418196b7b4290ed47a12ce62df56"
            ],
            "version": "==0.7.5"
        },
        "prompt-toolkit": {
            "hashes": [
                "sha256:3527b7af26106cbc65a040bcc84839a3566ec1b051bb0bfe953631e704b0ff7d",
                "sha256:a11a29cb3bf0a28a387fe5122cdb649816a957cd9261dcedf8c9f1fef33eacf6"
            ],
            "markers": "python_full_version >= '3.7.0'",
            "version": "==3.0.43"
        },
        "psutil": {
            "hashes": [
                "sha256:02615ed8c5ea222323408ceba16c60e99c3f91639b07da6373fb7e6539abc56d",
                "sha256:05806de88103b25903dff19bb6692bd2e714ccf9e668d050d144012055cbca73",
                "sha256:26bd09967ae00920df88e0352a91cff1a78f8d69b3ecabbfe733610c0af486c8",
                "sha256:27cc40c3493bb10de1be4b3f07cae4c010ce715290a5be22b98493509c6299e2",
                "sha256:36f435891adb138ed3c9e58c6af3e2e6ca9ac2f365efe1f9cfef2794e6c93b4e",
                "sha256:50187900d73c1381ba1454cf40308c2bf6f34268518b3f36a9b663ca87e65e36",
                "sha256:611052c4bc70432ec770d5d54f64206aa7203a101ec273a0cd82418c86503bb7",
                "sha256:6be126e3225486dff286a8fb9a06246a5253f4c7c53b475ea5f5ac934e64194c",
                "sha256:7d79560ad97af658a0f6adfef8b834b53f64746d45b403f225b85c5c2c140eee",
                "sha256:8cb6403ce6d8e047495a701dc7c5bd788add903f8986d523e3e20b98b733e421",
                "sha256:8db4c1b57507eef143a15a6884ca10f7c73876cdf5d51e713151c1236a0e68cf",
                "sha256:aee678c8720623dc456fa20659af736241f575d79429a0e5e9cf88ae0605cc81",
                "sha256:bc56c2a1b0d15aa3eaa5a60c9f3f8e3e565303b465dbf57a1b730e7a2b9844e0",
                "sha256:bd1184ceb3f87651a67b2708d4c3338e9b10c5df903f2e3776b62303b26cb631",
                "sha256:d06016f7f8625a1825ba3732081d77c94589dca78b7a3fc072194851e88461a4",
                "sha256:d16bbddf0693323b8c6123dd804100241da461e41d6e332fb0ba6058f630f8c8"
            ],
            "markers": "python_version >= '2.7' and python_version not in '3.0, 3.1, 3.2, 3.3, 3.4, 3.5'",
            "version": "==5.9.8"
        },
        "pygments": {
            "hashes": [
                "sha256:b27c2826c47d0f3219f29554824c30c5e8945175d888647acd804ddd04af846c",
                "sha256:da46cec9fd2de5be3a8a784f434e4c4ab670b4ff54d605c4c2717e9d49c4c367"
            ],
            "markers": "python_version >= '3.7'",
            "version": "==2.17.2"
        },
        "python-dateutil": {
            "hashes": [
                "sha256:37dd54208da7e1cd875388217d5e00ebd4179249f90fb72437e91a35459a0ad3",
                "sha256:a8b2bc7bffae282281c8140a97d3aa9c14da0b136dfe83f850eea9a5f7470427"
            ],
            "markers": "python_version >= '2.7' and python_version not in '3.0, 3.1, 3.2'",
            "version": "==2.9.0.post0"
        },
        "pywin32": {
            "hashes": [
                "sha256:06d3420a5155ba65f0b72f2699b5bacf3109f36acbe8923765c22938a69dfc8d",
                "sha256:1c73ea9a0d2283d889001998059f5eaaba3b6238f767c9cf2833b13e6a685f65",
                "sha256:37257794c1ad39ee9be652da0462dc2e394c8159dfd913a8a4e8eb6fd346da0e",
                "sha256:383229d515657f4e3ed1343da8be101000562bf514591ff383ae940cad65458b",
                "sha256:39b61c15272833b5c329a2989999dcae836b1eed650252ab1b7bfbe1d59f30f4",
                "sha256:5821ec52f6d321aa59e2db7e0a35b997de60c201943557d108af9d4ae1ec7040",
                "sha256:70dba0c913d19f942a2db25217d9a1b726c278f483a919f1abfed79c9cf64d3a",
                "sha256:72c5f621542d7bdd4fdb716227be0dd3f8565c11b280be6315b06ace35487d36",
                "sha256:84f4471dbca1887ea3803d8848a1616429ac94a4a8d05f4bc9c5dcfd42ca99c8",
                "sha256:a7639f51c184c0272e93f244eb24dafca9b1855707d94c192d4a0b4c01e1100e",
                "sha256:e25fd5b485b55ac9c057f67d94bc203f3f6595078d1fb3b458c9c28b7153a802",
                "sha256:e4c092e2589b5cf0d365849e73e02c391c1349958c5ac3e9d5ccb9a28e017b3a",
                "sha256:e65028133d15b64d2ed8f06dd9fbc268352478d4f9289e69c190ecd6818b6407",
                "sha256:e8ac1ae3601bee6ca9f7cb4b5363bf1c0badb935ef243c4733ff9a393b1690c0"
            ],
            "markers": "sys_platform == 'win32' and platform_python_implementation != 'PyPy'",
            "version": "==306"
        },
        "pyzmq": {
            "hashes": [
                "sha256:02773b96ef6a17a57680c3609645785c390198be31a4505c01ce0c846f9e7d0e",
                "sha256:0397c7431f3fc2bac497992d7447b036bc0d8bb3e15b158b2013201857ff2354",
                "sha256:06525d996afdb0da3e8b7df0b654261455f6e86c2c3574c3f00d2bd335be78eb",
                "sha256:07fdeac8612a9dca6fcad6cb43c7efb75f53ba75da981fbafa949ddcde1d5662",
                "sha256:08db8071020181173c70cf2dad239e5e21e5b2e95f95b0ece0da39a70f5a483c",
                "sha256:0ec5147095d6065b0e3a38a1a34f7859ab46496f3d5ce71134165893e9f83674",
                "sha256:10ff405db5cee3bbd7aa143d78b25d90356097aed7864e50f0ae644e08759fe9",
                "sha256:120887d773e878136e9b33bbba656df0d4c6e2861694d07d058ec60ce1108b24",
                "sha256:12ca1afb065e5b21a32b1e35bfcbc8762efc0f7555c166acaec36c93b52d7ccf",
                "sha256:1d64889bfe4109f4a59a72b1d21416550465020642d6f556efd044951386bd38",
                "sha256:1da5e11862a994360319df4f425e89662563683334e1079684eb77b9a6478ae2",
                "sha256:1df2b992eabc59f078ca916e9ac8b5bd463536bf7828c13940b35b8555ed7861",
                "sha256:1e87178437460b6df18e761650ef080d3ad5a41813cc3df7f9fd78714fca04c0",
                "sha256:2397364289334840c81ff1ef95a5a5ee326de01c1437cc38f7e16785a7b653d9",
                "sha256:271c9178a94b009651f8ad3ff9bb9ca45778aaf66c9e325a44d81a7498fcaa59",
                "sha256:2806942185b40a3477d9b300c6f71354dd2be37e3f61a43193c96caa51e284d1",
                "sha256:321a6872a9371709a62b3a4a14c1e9b5b47549371197c0c2164d2288510cd6d6",
                "sha256:36a85da0eab4c5337d0de7f975cca011208a59e9d0637e0c1b571764f1dd4a8f",
                "sha256:36d0f2fcbdba1fda8ff213bd17db7ddcba848aa70480ade3fe70401dce606511",
                "sha256:39b8ed8d2e5da8b8351c6aa627601b3b52e8eb5e25cf6bcd26b6f012dec7870b",
                "sha256:40af30c4cd0a046029d7b5272d02a649f9b1f89fb1361bbc90ba08d55ac88273",
                "sha256:4216eee101d104a017042f0e4af0a45875400ff3794f1a59476e210b1a9760e2",
                "sha256:44271793067025a07d38ad4be11f08187cce850fafd1890b42046abbcdca2fc0",
                "sha256:469f4febd63c26b20132e54cc40048d5698123794b103758ccd21b8a45890dc3",
                "sha256:49efc420e36d2e8adc5dae41c2c1e8bb37a069e40a880cbe414a032136b194b0",
                "sha256:544a7ee271fac41ddc0ba11f4b128ddd5f2bf0a3186d25be331ed8bfbb253536",
                "sha256:55f390adb763196d75a2e8c18277b4344f8a7f94f223b5d096324c5b47c2471e",
                "sha256:5736c9a54c27319a65ffc72dbf684538f2773237e94ba50b7f1f74f4e3cb9115",
                "sha256:580dd4b1c2edd51f284df0209bf439899f425ed00cb803a85ddc6cf10c866688",
                "sha256:58176e2437462568b5099acf17401be64205e175e72767a8250eef84ee9ec4f5",
                "sha256:5b48b7e417c56486932fb0c01fecd24916fe6bc359c03a654aa8c63fa33e3d76",
                "sha256:5d7fcc648445dbfd6ce9973ec7b4a33ee9307b7e88cf4816f4403ccbaf8de9ca",
                "sha256:60f91afc76a3fc5d65dfba4f6b6020c462674b5eab6cbf00dec133d79656072d",
                "sha256:694625c2c22be57149e9439757ee02ee4fb6432f7054dc5008bbbc33ef388d1c",
                "sha256:6d3d7ef786e778351e6c51b45906e16506ad98bb78b99304032cb1876dfc81d2",
                "sha256:6e0e94ca9a8f23000d54e11ecd727b69fb1994baf3b6b1eedb881cdd3196ecec",
                "sha256:7129efc54dc48f566eed5422bc555ba4e472e40a1f9de328577c90ade47ccf5d",
                "sha256:71a8f010e23dfd61c531084a2b72a81885017da28352540f0b7799ca8423c044",
                "sha256:72340614ea23904cff824109eb025648bdf32775d87f5814d3ba6f2335a853f3",
                "sha256:72ae3078b1c47552e0e39fd81fc0472e880316897a733dbb3570819be19da48a",
                "sha256:7353d231686bbc96c458b934f134ff9165a1e9dd0a2ea8f724469e44bcc2c07a",
                "sha256:7a1cc0445038a394479ad36b7e3cf55a19ee40099c031f65de872b8ee7025e79",
                "sha256:80fdea3e9e34c480bfccbb910f75380196ae9d1c12880c21743c845ebe6b13aa",
                "sha256:814245422f1c7707634397621dbcbeea7671fdc5c43d1ae592f4e0e45179e7fb",
                "sha256:8783857a8c8df648a70c81ea3ff53ee71e5bf18468ca5ac3414f419fe8f3bd93",
                "sha256:8a5b4dc4d7a3f859026083906724ad1ae743261548b61d0d5abcf2d994122c2b",
                "sha256:903b77dd2f17286496fa3ec902bc523f4502b0c64a2892df4b021222a2ba95fe",
                "sha256:90ba8f7c6f34c2c11179b293050417c14661035969ef3f8867200ea6901f9000",
                "sha256:952e85c5e86f9ba100b78b60719b76e1ff3e13bb403cb6de687bb92e7b2179e7",
                "sha256:9691a6ab55d011e83d7438f6711b93b7f8aa21ee8cf3e7ad6d6d9ea26a8f3a1f",
                "sha256:9982799d7d7807beb1b26f1aa9a192baccb1a14c5d00eca881a42a0ae562671b",
                "sha256:9ce158ab54994c60fdde83300dc1e447446baacbe4ec9e4e80096f9b9a125c13",
                "sha256:9d68284ce48617c97e675ed8a89db12a098eaa871a026999c9a10351f547f1fe",
                "sha256:a0562054930471b386a44b0887504687c4e7adf4ba89bddc2e5959d16c371764",
                "sha256:a2b13008a693c0ffccaeeebcc5ab5f2398cced3b5bf482ba89a38fe56b00eb10",
                "sha256:a5207bc2a923118e9afb57fee679be016ea138c27d1be5747118966e2d5d9450",
                "sha256:a824b3301ddd003cdceb9b537804e751ac5922a845b19d4e50b4789d1cd28b24",
                "sha256:a86409f3f8eae7af5a47babd831a119bdf552e831f04d2225a313305e8e35e7c",
                "sha256:aa7431d12ebb5433a92e99dc326d45eaf52a90046032bac4c558b4bdeee5dc7a",
                "sha256:ab2e55046263c8b24e64116e80b63cf701df747b44aadcf317aa47c8af2dfe67",
                "sha256:abc08b2e688714216870a6ab974733d4a1fcf0437d250ac8feed59c4c5c3f395",
                "sha256:ac6f54c399638858e0b2a3153f23934604f3a8c9bb5a9cf865060cc658b1e096",
                "sha256:af9f5b1b76753584c871c1c96db8a18650886b3adf9fc8c7d4019343eb329c28",
                "sha256:b377b520e618c30c827966c274dd62ce7e15c72ce8767fae6193b6bdd1deb502",
                "sha256:bd3537f049dc0488adb3df29a77635eaff2a8d1d3d29a09714db6e2d10caba1a",
                "sha256:c2e36399f0433b14a91f956bd7ecf94799c57a6f992889d45440cb05b3de8025",
                "sha256:c919895132cae5a458d5a17047fd33c9eb271f15bb3485add34429cfd7b76a71",
                "sha256:c952cf06edbbd2d67f627037e2c8e3187ca834d6b9a222e3a3037f80d393a345",
                "sha256:ca4ebbef3f5fbd271eafc7c22ebbb88b74232f08b0e51759113f30a8d01f6843",
                "sha256:cac954dc83c84e9d9d65f2359d402d7e79ae094d7808d578c9e9cc2c350c5a64",
                "sha256:cc98fbd4ce4ef8a0fbe97ab6d495aaa7764461e5a45f24c04f1d234e7bb80293",
                "sha256:cd62830100b9b1adb51da4094142bd680d51daf9a0f6f3f39e1f80474eddc011",
                "sha256:ce2c53f4963a358ba91b58ccecb84fab6d5f0622230d105c2589f7556ec53cc9",
                "sha256:d36a46975925b8bf14b69fe6d4097bc96c91f94ceb954d56853a2211a5cc3433",
                "sha256:d492921b398d640a1f796306531bc6911a94ce5528b798ed14e0620abd9b948d",
                "sha256:dc7badded4b025dbc25f34b95503b71c952235e6e40de40995c0c120efb4ff6d",
                "sha256:dcac700269d081ded42ed3833f9d0effe734148376204af9c0ef0fd25a3fea55",
                "sha256:dd13a30454adcf2f361155ea563ec99036678131a17c6b1a3f74426212c14ddc",
                "sha256:dd87df01bc8eca392f0d505924087ccafdc4885a498e68df9f09eca9fdc736f1",
                "sha256:e0c08a6070358a2984900a4518e2dacbfaf24aac018ab086d7ac2f6069b13340",
                "sha256:e495ff09514fc657c5fb2cba0aac082ce0494c6217230783297da9008333a8db",
                "sha256:eae3dcc185c405cf645480745c45346a1f42afce240f69a589095e41bd2b9e3d",
                "sha256:ed127aff75a3df142ae7a883c49a85b0b2f863b59fa1b8e4280335f5ebab5fd0",
                "sha256:f66c925f62ce28946525c32a094e346dd8da6c828d568d7ecda97f5ae36089c3",
                "sha256:f6f618d7d7c9c37053a36e6dc5435c53e9e0c7a67e6fd00b69c209d07a8db4dc",
                "sha256:f85bb2c47b5fd70e3cbb280e380ab97bdf9f02e1a363cb472fe0a297ac24029d",
                "sha256:f971e77358384b8bcf3e9a7577cf84f97adbd6359f943e30cbff66087afcb279",
                "sha256:fc907b26d287e6981d1e531c8fc21a0f94fe46a17493a8322eb3c75f8b561334"
            ],
            "markers": "python_version >= '3.7'",
            "version": "==26.0.0"
        },
        "setuptools": {
            "hashes": [
                "sha256:11e52c67415a381d10d6b462ced9cfb97066179f0e871399e006c4ab101fc85f",
                "sha256:baf1fdb41c6da4cd2eae722e135500da913332ab3f2f5c7d33af9b492acb5235"
            ],
            "markers": "python_version >= '3.7'",
            "version": "==68.0.0"
        },
        "six": {
            "hashes": [
                "sha256:1e61c37477a1626458e36f7b1d82aa5c9b094fa4802892072e49de9c60c4c926",
                "sha256:8abb2f1d86890a2dfb989f9a77cfcfd3e47c2a354b01111771326f8aa26e0254"
            ],
            "markers": "python_version >= '2.7' and python_version not in '3.0, 3.1, 3.2'",
            "version": "==1.16.0"
        },
        "tornado": {
            "hashes": [
                "sha256:1d54d13ab8414ed44de07efecb97d4ef7c39f7438cf5e976ccd356bebb1b5fca",
                "sha256:20f638fd8cc85f3cbae3c732326e96addff0a15e22d80f049e00121651e82e72",
                "sha256:5c87076709343557ef8032934ce5f637dbb552efa7b21d08e89ae7619ed0eb23",
                "sha256:5f8c52d219d4995388119af7ccaa0bcec289535747620116a58d830e7c25d8a8",
                "sha256:6fdfabffd8dfcb6cf887428849d30cf19a3ea34c2c248461e1f7d718ad30b66b",
                "sha256:87dcafae3e884462f90c90ecc200defe5e580a7fbbb4365eda7c7c1eb809ebc9",
                "sha256:9b630419bde84ec666bfd7ea0a4cb2a8a651c2d5cccdbdd1972a0c859dfc3c13",
                "sha256:b8150f721c101abdef99073bf66d3903e292d851bee51910839831caba341a75",
                "sha256:ba09ef14ca9893954244fd872798b4ccb2367c165946ce2dd7376aebdde8e3ac",
                "sha256:d3a2f5999215a3a06a4fc218026cd84c61b8b2b40ac5296a6db1f1451ef04c1e",
                "sha256:e5f923aa6a47e133d1cf87d60700889d7eae68988704e20c75fb2d65677a8e4b"
            ],
            "markers": "python_version >= '3.7'",
            "version": "==6.2"
        },
        "traitlets": {
            "hashes": [
                "sha256:9e6ec080259b9a5940c797d58b613b5e31441c2257b87c2e795c5228ae80d2d8",
                "sha256:f6cde21a9c68cf756af02035f72d5a723bf607e862e7be33ece505abf4a3bad9"
            ],
            "markers": "python_version >= '3.7'",
            "version": "==5.9.0"
        },
        "wcwidth": {
            "hashes": [
                "sha256:3da69048e4540d84af32131829ff948f1e022c1c6bdb8d6102117aac784f6859",
                "sha256:72ea0c06399eb286d978fdedb6923a9eb47e1c486ce63e9b4e64fc18303972b5"
            ],
            "version": "==0.2.13"
        }
    }
}
